
Microsoft Visual Studio Solution File, Format Version 12.00
# Visual Studio Version 17
VisualStudioVersion = 17.10.35122.118
MinimumVisualStudioVersion = 10.0.40219.1
Project("{FAE04EC0-301F-11D3-BF4B-00C04F79EFBC}") = "EditorApp", "EditorApp.csproj", "{39054DEF-AEF0-4A3E-9DAF-5287FFC5DA37}"
EndProject
Project("{FAE04EC0-301F-11D3-BF4B-00C04F79EFBC}") = "EditorTest", "..\EditorTest\EditorTest.csproj", "{560ADFDD-ABF7-4619-9F08-B473723469CD}"
EndProject
Global
	GlobalSection(SolutionConfigurationPlatforms) = preSolution
		Debug|Any CPU = Debug|Any CPU
		Release|Any CPU = Release|Any CPU
	EndGlobalSection
	GlobalSection(ProjectConfigurationPlatforms) = postSolution
		{39054DEF-AEF0-4A3E-9DAF-5287FFC5DA37}.Debug|Any CPU.ActiveCfg = Debug|Any CPU
		{39054DEF-AEF0-4A3E-9DAF-5287FFC5DA37}.Debug|Any CPU.Build.0 = Debug|Any CPU
		{39054DEF-AEF0-4A3E-9DAF-5287FFC5DA37}.Release|Any CPU.ActiveCfg = Release|Any CPU
		{39054DEF-AEF0-4A3E-9DAF-5287FFC5DA37}.Release|Any CPU.Build.0 = Release|Any CPU
		{560ADFDD-ABF7-4619-9F08-B473723469CD}.Debug|Any CPU.ActiveCfg = Debug|Any CPU
		{560ADFDD-ABF7-4619-9F08-B473723469CD}.Debug|Any CPU.Build.0 = Debug|Any CPU
		{560ADFDD-ABF7-4619-9F08-B473723469CD}.Release|Any CPU.ActiveCfg = Release|Any CPU
		{560ADFDD-ABF7-4619-9F08-B473723469CD}.Release|Any CPU.Build.0 = Release|Any CPU
	EndGlobalSection
	GlobalSection(SolutionProperties) = preSolution
		HideSolutionNode = FALSE
	EndGlobalSection
	GlobalSection(ExtensibilityGlobals) = postSolution
		SolutionGuid = {6C9AAB4A-8CA9-4CB8-AB68-66FC8ADEC068}
	EndGlobalSection
EndGlobal
